
Microsoft Visual Studio Solution File, Format Version 12.00
# Visual Studio Version 17
VisualStudioVersion = 17.0.31903.59
MinimumVisualStudioVersion = 10.0.40219.1
Project("{2150E333-8FDC-42A3-9474-1A3956D46DE8}") = "src", "src", "{81416E17-FB51-40B1-85A5-E920258E7387}"
EndProject
Project("{FAE04EC0-301F-11D3-BF4B-00C04F79EFBC}") = "Core", "src\Core\Core.csproj", "{81DD14F8-3F7F-4698-84DB-CA602691062B}"
EndProject
Project("{2150E333-8FDC-42A3-9474-1A3956D46DE8}") = "Adapters", "Adapters", "{06D0FB83-028E-4F02-9367-E4FA01377219}"
EndProject
Project("{FAE04EC0-301F-11D3-BF4B-00C04F79EFBC}") = "WebApi", "src\Adapters\WebApi\WebApi.csproj", "{5D830CAF-0712-4C0F-B7A4-E21A28837616}"
EndProject
Project("{FAE04EC0-301F-11D3-BF4B-00C04F79EFBC}") = "ConsoleApp", "src\Adapters\ConsoleApp\ConsoleApp.csproj", "{E7EE3173-0E8B-4EFB-B1A7-0527D73DB57C}"
EndProject
Project("{2150E333-8FDC-42A3-9474-1A3956D46DE8}") = "tests", "tests", "{F6832016-49FD-4C81-83D1-4336EB75A01B}"
EndProject
Project("{FAE04EC0-301F-11D3-BF4B-00C04F79EFBC}") = "UnitTests", "tests\UnitTests\UnitTests.csproj", "{0311D3AB-3AE8-4C4D-934F-2E3780789E99}"
EndProject
Project("{FAE04EC0-301F-11D3-BF4B-00C04F79EFBC}") = "IntegrationTests", "tests\IntegrationTests\IntegrationTests.csproj", "{1C1FA02D-80C6-438E-9C68-CE5FFA06295F}"
EndProject
Project("{FAE04EC0-301F-11D3-BF4B-00C04F79EFBC}") = "SystemTests", "tests\SystemTests\SystemTests.csproj", "{CD48EEF5-FFA7-494E-B6F6-5C29021D28D2}"
EndProject
Global
	GlobalSection(SolutionConfigurationPlatforms) = preSolution
		Debug|Any CPU = Debug|Any CPU
		Release|Any CPU = Release|Any CPU
	EndGlobalSection
	GlobalSection(SolutionProperties) = preSolution
		HideSolutionNode = FALSE
	EndGlobalSection
	GlobalSection(ProjectConfigurationPlatforms) = postSolution
		{81DD14F8-3F7F-4698-84DB-CA602691062B}.Debug|Any CPU.ActiveCfg = Debug|Any CPU
		{81DD14F8-3F7F-4698-84DB-CA602691062B}.Debug|Any CPU.Build.0 = Debug|Any CPU
		{81DD14F8-3F7F-4698-84DB-CA602691062B}.Release|Any CPU.ActiveCfg = Release|Any CPU
		{81DD14F8-3F7F-4698-84DB-CA602691062B}.Release|Any CPU.Build.0 = Release|Any CPU
		{5D830CAF-0712-4C0F-B7A4-E21A28837616}.Debug|Any CPU.ActiveCfg = Debug|Any CPU
		{5D830CAF-0712-4C0F-B7A4-E21A28837616}.Debug|Any CPU.Build.0 = Debug|Any CPU
		{5D830CAF-0712-4C0F-B7A4-E21A28837616}.Release|Any CPU.ActiveCfg = Release|Any CPU
		{5D830CAF-0712-4C0F-B7A4-E21A28837616}.Release|Any CPU.Build.0 = Release|Any CPU
		{E7EE3173-0E8B-4EFB-B1A7-0527D73DB57C}.Debug|Any CPU.ActiveCfg = Debug|Any CPU
		{E7EE3173-0E8B-4EFB-B1A7-0527D73DB57C}.Debug|Any CPU.Build.0 = Debug|Any CPU
		{E7EE3173-0E8B-4EFB-B1A7-0527D73DB57C}.Release|Any CPU.ActiveCfg = Release|Any CPU
		{E7EE3173-0E8B-4EFB-B1A7-0527D73DB57C}.Release|Any CPU.Build.0 = Release|Any CPU
		{0311D3AB-3AE8-4C4D-934F-2E3780789E99}.Debug|Any CPU.ActiveCfg = Debug|Any CPU
		{0311D3AB-3AE8-4C4D-934F-2E3780789E99}.Debug|Any CPU.Build.0 = Debug|Any CPU
		{0311D3AB-3AE8-4C4D-934F-2E3780789E99}.Release|Any CPU.ActiveCfg = Release|Any CPU
		{0311D3AB-3AE8-4C4D-934F-2E3780789E99}.Release|Any CPU.Build.0 = Release|Any CPU
		{1C1FA02D-80C6-438E-9C68-CE5FFA06295F}.Debug|Any CPU.ActiveCfg = Debug|Any CPU
		{1C1FA02D-80C6-438E-9C68-CE5FFA06295F}.Debug|Any CPU.Build.0 = Debug|Any CPU
		{1C1FA02D-80C6-438E-9C68-CE5FFA06295F}.Release|Any CPU.ActiveCfg = Release|Any CPU
		{1C1FA02D-80C6-438E-9C68-CE5FFA06295F}.Release|Any CPU.Build.0 = Release|Any CPU
		{CD48EEF5-FFA7-494E-B6F6-5C29021D28D2}.Debug|Any CPU.ActiveCfg = Debug|Any CPU
		{CD48EEF5-FFA7-494E-B6F6-5C29021D28D2}.Debug|Any CPU.Build.0 = Debug|Any CPU
		{CD48EEF5-FFA7-494E-B6F6-5C29021D28D2}.Release|Any CPU.ActiveCfg = Release|Any CPU
		{CD48EEF5-FFA7-494E-B6F6-5C29021D28D2}.Release|Any CPU.Build.0 = Release|Any CPU
	EndGlobalSection
	GlobalSection(NestedProjects) = preSolution
		{81DD14F8-3F7F-4698-84DB-CA602691062B} = {81416E17-FB51-40B1-85A5-E920258E7387}
		{06D0FB83-028E-4F02-9367-E4FA01377219} = {81416E17-FB51-40B1-85A5-E920258E7387}
		{5D830CAF-0712-4C0F-B7A4-E21A28837616} = {06D0FB83-028E-4F02-9367-E4FA01377219}
		{E7EE3173-0E8B-4EFB-B1A7-0527D73DB57C} = {06D0FB83-028E-4F02-9367-E4FA01377219}
		{0311D3AB-3AE8-4C4D-934F-2E3780789E99} = {F6832016-49FD-4C81-83D1-4336EB75A01B}
		{1C1FA02D-80C6-438E-9C68-CE5FFA06295F} = {F6832016-49FD-4C81-83D1-4336EB75A01B}
		{CD48EEF5-FFA7-494E-B6F6-5C29021D28D2} = {F6832016-49FD-4C81-83D1-4336EB75A01B}
	EndGlobalSection
EndGlobal
